Microsoft Visual Studio Solution File, Format Version 12.00
# Visual Studio Version 17
VisualStudioVersion = 17.5.2.0
MinimumVisualStudioVersion = 10.0.40219.1
Project("{FAE04EC0-301F-11D3-BF4B-00C04F79EFBC}") = "Buffet_Restaurant_Managment_System_API", "Buffet_Restaurant_Managment_System_API.csproj", "{587086C6-9153-99DD-618B-62F51914273C}"
EndProject
Global
	GlobalSection(SolutionConfigurationPlatforms) = preSolution
		Debug|Any CPU = Debug|Any CPU
		Release|Any CPU = Release|Any CPU
	EndGlobalSection
	GlobalSection(ProjectConfigurationPlatforms) = postSolution
		{587086C6-9153-99DD-618B-62F51914273C}.Debug|Any CPU.ActiveCfg = Debug|Any CPU
		{587086C6-9153-99DD-618B-62F51914273C}.Debug|Any CPU.Build.0 = Debug|Any CPU
		{587086C6-9153-99DD-618B-62F51914273C}.Release|Any CPU.ActiveCfg = Release|Any CPU
		{587086C6-9153-99DD-618B-62F51914273C}.Release|Any CPU.Build.0 = Release|Any CPU
	EndGlobalSection
	GlobalSection(SolutionProperties) = preSolution
		HideSolutionNode = FALSE
	EndGlobalSection
	GlobalSection(ExtensibilityGlobals) = postSolution
		SolutionGuid = {159C88D6-47D4-4137-821D-B9269A3D956B}
	EndGlobalSection
EndGlobal
